
Microsoft Visual Studio Solution File, Format Version 12.00
# Visual Studio Version 17
VisualStudioVersion = 17.4.33122.133
MinimumVisualStudioVersion = 10.0.40219.1
Project("{8BC9CEB8-8B4A-11D0-8D11-00A0C91BC942}") = "FinalProjectCCS0007", "FinalProjectCCS0007\FinalProjectCCS0007.vcxproj", "{032A02EF-CAB1-4E7F-AFC6-4C61AE2247F5}"
EndProject
Global
	GlobalSection(SolutionConfigurationPlatforms) = preSolution
		Debug|x64 = Debug|x64
		Debug|x86 = Debug|x86
		Release|x64 = Release|x64
		Release|x86 = Release|x86
	EndGlobalSection
	GlobalSection(ProjectConfigurationPlatforms) = postSolution
		{032A02EF-CAB1-4E7F-AFC6-4C61AE2247F5}.Debug|x64.ActiveCfg = Debug|x64
		{032A02EF-CAB1-4E7F-AFC6-4C61AE2247F5}.Debug|x64.Build.0 = Debug|x64
		{032A02EF-CAB1-4E7F-AFC6-4C61AE2247F5}.Debug|x86.ActiveCfg = Debug|Win32
		{032A02EF-CAB1-4E7F-AFC6-4C61AE2247F5}.Debug|x86.Build.0 = Debug|Win32
		{032A02EF-CAB1-4E7F-AFC6-4C61AE2247F5}.Release|x64.ActiveCfg = Release|x64
		{032A02EF-CAB1-4E7F-AFC6-4C61AE2247F5}.Release|x64.Build.0 = Release|x64
		{032A02EF-CAB1-4E7F-AFC6-4C61AE2247F5}.Release|x86.ActiveCfg = Release|Win32
		{032A02EF-CAB1-4E7F-AFC6-4C61AE2247F5}.Release|x86.Build.0 = Release|Win32
	EndGlobalSection
	GlobalSection(SolutionProperties) = preSolution
		HideSolutionNode = FALSE
	EndGlobalSection
	GlobalSection(ExtensibilityGlobals) = postSolution
		SolutionGuid = {C321563B-CEB4-4C83-8A53-A5AE38C2D2CA}
	EndGlobalSection
EndGlobal
